
Microsoft Visual Studio Solution File, Format Version 12.00
# Visual Studio 15
VisualStudioVersion = 15.0.27130.2010
MinimumVisualStudioVersion = 10.0.40219.1
Project("{FAE04EC0-301F-11D3-BF4B-00C04F79EFBC}") = "CommonLoggingTest", "CommonLoggingTest\CommonLoggingTest.csproj", "{6C3A1E5B-330B-4666-8B01-DF17BB575A9B}"
EndProject
Global
	GlobalSection(SolutionConfigurationPlatforms) = preSolution
		Debug|Any CPU = Debug|Any CPU
		Release|Any CPU = Release|Any CPU
	EndGlobalSection
	GlobalSection(ProjectConfigurationPlatforms) = postSolution
		{6C3A1E5B-330B-4666-8B01-DF17BB575A9B}.Debug|Any CPU.ActiveCfg = Debug|Any CPU
		{6C3A1E5B-330B-4666-8B01-DF17BB575A9B}.Debug|Any CPU.Build.0 = Debug|Any CPU
		{6C3A1E5B-330B-4666-8B01-DF17BB575A9B}.Release|Any CPU.ActiveCfg = Release|Any CPU
		{6C3A1E5B-330B-4666-8B01-DF17BB575A9B}.Release|Any CPU.Build.0 = Release|Any CPU
	EndGlobalSection
	GlobalSection(SolutionProperties) = preSolution
		HideSolutionNode = FALSE
	EndGlobalSection
	GlobalSection(ExtensibilityGlobals) = postSolution
		SolutionGuid = {65C20906-599B-4DE6-99D4-3F1B46667306}
	EndGlobalSection
EndGlobal
